
Microsoft Visual Studio Solution File, Format Version 12.00
# Visual Studio Version 17
VisualStudioVersion = 17.13.35931.197
MinimumVisualStudioVersion = 10.0.40219.1
Project("{FAE04EC0-301F-11D3-BF4B-00C04F79EFBC}") = "Gym_Proyecto2", "Gym_Poryecto2\Gym_Proyecto2.csproj", "{32222EFD-A043-42C4-B899-D4A44D69EC95}"
EndProject
Global
	GlobalSection(SolutionConfigurationPlatforms) = preSolution
		Debug|Any CPU = Debug|Any CPU
		Release|Any CPU = Release|Any CPU
	EndGlobalSection
	GlobalSection(ProjectConfigurationPlatforms) = postSolution
		{32222EFD-A043-42C4-B899-D4A44D69EC95}.Debug|Any CPU.ActiveCfg = Debug|Any CPU
		{32222EFD-A043-42C4-B899-D4A44D69EC95}.Debug|Any CPU.Build.0 = Debug|Any CPU
		{32222EFD-A043-42C4-B899-D4A44D69EC95}.Release|Any CPU.ActiveCfg = Release|Any CPU
		{32222EFD-A043-42C4-B899-D4A44D69EC95}.Release|Any CPU.Build.0 = Release|Any CPU
	EndGlobalSection
	GlobalSection(SolutionProperties) = preSolution
		HideSolutionNode = FALSE
	EndGlobalSection
	GlobalSection(ExtensibilityGlobals) = postSolution
		SolutionGuid = {57E161E0-0AAC-400E-B3B3-65301131CA05}
	EndGlobalSection
EndGlobal
